
Microsoft Visual Studio Solution File, Format Version 12.00
# Visual Studio 15
Project("{FAE04EC0-301F-11D3-BF4B-00C04F79EFBC}") = "Assembly-CSharp", "Assembly-CSharp.csproj", "{8E0CF298-B2B1-3A0A-F9B0-EAD0BD93A21C}"
EndProject
Project("{FAE04EC0-301F-11D3-BF4B-00C04F79EFBC}") = "Assembly-CSharp-firstpass", "Assembly-CSharp-firstpass.csproj", "{EFFA6565-F135-CDF7-A38D-6B85D3778DAE}"
EndProject
Project("{FAE04EC0-301F-11D3-BF4B-00C04F79EFBC}") = "Assembly-CSharp-Editor-firstpass", "Assembly-CSharp-Editor-firstpass.csproj", "{3F965880-C0B4-90F1-01EC-1C7FFD3D8353}"
EndProject
Global
	GlobalSection(SolutionConfigurationPlatforms) = preSolution
		Debug|Any CPU = Debug|Any CPU
		Release|Any CPU = Release|Any CPU
	EndGlobalSection
	GlobalSection(ProjectConfigurationPlatforms) = postSolution
		{8E0CF298-B2B1-3A0A-F9B0-EAD0BD93A21C}.Debug|Any CPU.ActiveCfg = Debug|Any CPU
		{8E0CF298-B2B1-3A0A-F9B0-EAD0BD93A21C}.Debug|Any CPU.Build.0 = Debug|Any CPU
		{8E0CF298-B2B1-3A0A-F9B0-EAD0BD93A21C}.Release|Any CPU.ActiveCfg = Release|Any CPU
		{8E0CF298-B2B1-3A0A-F9B0-EAD0BD93A21C}.Release|Any CPU.Build.0 = Release|Any CPU
		{EFFA6565-F135-CDF7-A38D-6B85D3778DAE}.Debug|Any CPU.ActiveCfg = Debug|Any CPU
		{EFFA6565-F135-CDF7-A38D-6B85D3778DAE}.Debug|Any CPU.Build.0 = Debug|Any CPU
		{EFFA6565-F135-CDF7-A38D-6B85D3778DAE}.Release|Any CPU.ActiveCfg = Release|Any CPU
		{EFFA6565-F135-CDF7-A38D-6B85D3778DAE}.Release|Any CPU.Build.0 = Release|Any CPU
		{3F965880-C0B4-90F1-01EC-1C7FFD3D8353}.Debug|Any CPU.ActiveCfg = Debug|Any CPU
		{3F965880-C0B4-90F1-01EC-1C7FFD3D8353}.Debug|Any CPU.Build.0 = Debug|Any CPU
		{3F965880-C0B4-90F1-01EC-1C7FFD3D8353}.Release|Any CPU.ActiveCfg = Release|Any CPU
		{3F965880-C0B4-90F1-01EC-1C7FFD3D8353}.Release|Any CPU.Build.0 = Release|Any CPU
	EndGlobalSection
	GlobalSection(SolutionProperties) = preSolution
		HideSolutionNode = FALSE
	EndGlobalSection
EndGlobal
